// !$*UTF8*$!
{
	archiveVersion = 1;
	classes = {
	};
	objectVersion = 50;
	objects = {

/* Begin PBXBuildFile section */
		840CD02D2232BE3C001F2A3D /* AppDelegate.swift in Sources */ = {isa = PBXBuildFile; fileRef = 840CD02C2232BE3C001F2A3D /* AppDelegate.swift */; };
		840CD02F2232BE3C001F2A3D /* ViewController.swift in Sources */ = {isa = PBXBuildFile; fileRef = 840CD02E2232BE3C001F2A3D /* ViewController.swift */; };
		840CD0322232BE3C001F2A3D /* Main.storyboard in Resources */ = {isa = PBXBuildFile; fileRef = 840CD0302232BE3C001F2A3D /* Main.storyboard */; };
		840CD0342232BE3D001F2A3D /* Assets.xcassets in Resources */ = {isa = PBXBuildFile; fileRef = 840CD0332232BE3D001F2A3D /* Assets.xcassets */; };
		840CD0372232BE3D001F2A3D /* LaunchScreen.storyboard in Resources */ = {isa = PBXBuildFile; fileRef = 840CD0352232BE3D001F2A3D /* LaunchScreen.storyboard */; };
		840CD0422232BE3E001F2A3D /* XYZ_APPTests.swift in Sources */ = {isa = PBXBuildFile; fileRef = 840CD0412232BE3E001F2A3D /* XYZ_APPTests.swift */; };
/* End PBXBuildFile section */

/* Begin PBXContainerItemProxy section */
		840CD03E2232BE3E001F2A3D /* PBXContainerItemProxy */ = {
			isa = PBXContainerItemProxy;
			containerPortal = 840CD0212232BE3C001F2A3D /* Project object */;
			proxyType = 1;
			remoteGlobalIDString = 840CD0282232BE3C001F2A3D;
			remoteInfo = XYZ_APP;
		};
/* End PBXContainerItemProxy section */

/* Begin PBXFileReference section */
		840CD0292232BE3C001F2A3D /* XYZ_APP.app */ = {isa = PBXFileReference; explicitFileType = wrapper.application; includeInIndex = 0; path = XYZ_APP.app; sourceTree = BUILT_PRODUCTS_DIR; };
		840CD02C2232BE3C001F2A3D /* AppDelegate.swift */ = {isa = PBXFileReference; lastKnownFileType = sourcecode.swift; path = AppDelegate.swift; sourceTree = "<group>"; };
		840CD02E2232BE3C001F2A3D /* ViewController.swift */ = {isa = PBXFileReference; lastKnownFileType = sourcecode.swift; path = ViewController.swift; sourceTree = "<group>"; };
		840CD0312232BE3C001F2A3D /* Base */ = {isa = PBXFileReference; lastKnownFileType = file.storyboard; name = Base; path = Base.lproj/Main.storyboard; sourceTree = "<group>"; };
		840CD0332232BE3D001F2A3D /* Assets.xcassets */ = {isa = PBXFileReference; lastKnownFileType = folder.assetcatalog; path = Assets.xcassets; sourceTree = "<group>"; };
		840CD0362232BE3D001F2A3D /* Base */ = {isa = PBXFileReference; lastKnownFileType = file.storyboard; name = Base; path = Base.lproj/LaunchScreen.storyboard; sourceTree = "<group>"; };
		840CD0382232BE3D001F2A3D /* Info.plist */ = {isa = PBXFileReference; lastKnownFileType = text.plist.xml; path = Info.plist; sourceTree = "<group>"; };
		840CD03D2232BE3E001F2A3D /* XYZ_APPTests.xctest */ = {isa = PBXFileReference; explicitFileType = wrapper.cfbundle; includeInIndex = 0; path = XYZ_APPTests.xctest; sourceTree = BUILT_PRODUCTS_DIR; };
		840CD0412232BE3E001F2A3D /* XYZ_APPTests.swift */ = {isa = PBXFileReference; lastKnownFileType = sourcecode.swift; path = XYZ_APPTests.swift; sourceTree = "<group>"; };
		840CD0432232BE3E001F2A3D /* Info.plist */ = {isa = PBXFileReference; lastKnownFileType = text.plist.xml; path = Info.plist; sourceTree = "<group>"; };
/* End PBXFileReference section */

/* Begin PBXFrameworksBuildPhase section */
		840CD0262232BE3C001F2A3D /* Frameworks */ = {
			isa = PBXFrameworksBuildPhase;
			buildActionMask = 2147483647;
			files = (
			);
			runOnlyForDeploymentPostprocessing = 0;
		};
		840CD03A2232BE3E001F2A3D /* Frameworks */ = {
			isa = PBXFrameworksBuildPhase;
			buildActionMask = 2147483647;
			files = (
			);
			runOnlyForDeploymentPostprocessing = 0;
		};
/* End PBXFrameworksBuildPhase section */

/* Begin PBXGroup section */
		840CD0202232BE3C001F2A3D = {
			isa = PBXGroup;
			children = (
				840CD02B2232BE3C001F2A3D /* XYZ_APP */,
				840CD0402232BE3E001F2A3D /* XYZ_APPTests */,
				840CD02A2232BE3C001F2A3D /* Products */,
			);
			sourceTree = "<group>";
		};
		840CD02A2232BE3C001F2A3D /* Products */ = {
			isa = PBXGroup;
			children = (
				840CD0292232BE3C001F2A3D /* XYZ_APP.app */,
				840CD03D2232BE3E001F2A3D /* XYZ_APPTests.xctest */,
			);
			name = Products;
			sourceTree = "<group>";
		};
		840CD02B2232BE3C001F2A3D /* XYZ_APP */ = {
			isa = PBXGroup;
			children = (
				840CD02C2232BE3C001F2A3D /* AppDelegate.swift */,
				840CD02E2232BE3C001F2A3D /* ViewController.swift */,
				840CD0302232BE3C001F2A3D /* Main.storyboard */,
				840CD0332232BE3D001F2A3D /* Assets.xcassets */,
				840CD0352232BE3D001F2A3D /* LaunchScreen.storyboard */,
				840CD0382232BE3D001F2A3D /* Info.plist */,
			);
			path = XYZ_APP;
			sourceTree = "<group>";
		};
		840CD0402232BE3E001F2A3D /* XYZ_APPTests */ = {
			isa = PBXGroup;
			children = (
				840CD0412232BE3E001F2A3D /* XYZ_APPTests.swift */,
				840CD0432232BE3E001F2A3D /* Info.plist */,
			);
			path = XYZ_APPTests;
			sourceTree = "<group>";
		};
/* End PBXGroup section */

/* Begin PBXNativeTarget section */
		840CD0282232BE3C001F2A3D /* XYZ_APP */ = {
			isa = PBXNativeTarget;
			buildConfigurationList = 840CD0462232BE3E001F2A3D /* Build configuration list for PBXNativeTarget "XYZ_APP" */;
			buildPhases = (
				840CD0252232BE3C001F2A3D /* Sources */,
				840CD0262232BE3C001F2A3D /* Frameworks */,
				840CD0272232BE3C001F2A3D /* Resources */,
			);
			buildRules = (
			);
			dependencies = (
			);
			name = XYZ_APP;
			productName = XYZ_APP;
			productReference = 840CD0292232BE3C001F2A3D /* XYZ_APP.app */;
			productType = "com.apple.product-type.application";
		};
		840CD03C2232BE3E001F2A3D /* XYZ_APPTests */ = {
			isa = PBXNativeTarget;
			buildConfigurationList = 840CD0492232BE3E001F2A3D /* Build configuration list for PBXNativeTarget "XYZ_APPTests" */;
			buildPhases = (
				840CD0392232BE3E001F2A3D /* Sources */,
				840CD03A2232BE3E001F2A3D /* Frameworks */,
				840CD03B2232BE3E001F2A3D /* Resources */,
			);
			buildRules = (
			);
			dependencies = (
				840CD03F2232BE3E001F2A3D /* PBXTargetDependency */,
			);
			name = XYZ_APPTests;
			productName = XYZ_APPTests;
			productReference = 840CD03D2232BE3E001F2A3D /* XYZ_APPTests.xctest */;
			productType = "com.apple.product-type.bundle.unit-test";
		};
/* End PBXNativeTarget section */

/* Begin PBXProject section */
		840CD0212232BE3C001F2A3D /* Project object */ = {
			isa = PBXProject;
			attributes = {
				LastSwiftUpdateCheck = 1010;
				LastUpgradeCheck = 1010;
				ORGANIZATIONNAME = NanoSoft;
				TargetAttributes = {
					840CD0282232BE3C001F2A3D = {
						CreatedOnToolsVersion = 10.1;
					};
					840CD03C2232BE3E001F2A3D = {
						CreatedOnToolsVersion = 10.1;
						TestTargetID = 840CD0282232BE3C001F2A3D;
					};
				};
			};
			buildConfigurationList = 840CD0242232BE3C001F2A3D /* Build configuration list for PBXProject "XYZ_APP" */;
			compatibilityVersion = "Xcode 9.3";
			developmentRegion = en;
			hasScannedForEncodings = 0;
			knownRegions = (
				en,
				Base,
			);
			mainGroup = 840CD0202232BE3C001F2A3D;
			productRefGroup = 840CD02A2232BE3C001F2A3D /* Products */;
			projectDirPath = "";
			projectRoot = "";
			targets = (
				840CD0282232BE3C001F2A3D /* XYZ_APP */,
				840CD03C2232BE3E001F2A3D /* XYZ_APPTests */,
			);
		};
/* End PBXProject section */

/* Begin PBXResourcesBuildPhase section */
		840CD0272232BE3C001F2A3D /* Resources */ = {
			isa = PBXResourcesBuildPhase;
			buildActionMask = 2147483647;
			files = (
				840CD0372232BE3D001F2A3D /* LaunchScreen.storyboard in Resources */,
				840CD0342232BE3D001F2A3D /* Assets.xcassets in Resources */,
				840CD0322232BE3C001F2A3D /* Main.storyboard in Resources */,
			);
			runOnlyForDeploymentPostprocessing = 0;
		};
		840CD03B2232BE3E001F2A3D /* Resources */ = {
			isa = PBXResourcesBuildPhase;
			buildActionMask = 2147483647;
			files = (
			);
			runOnlyForDeploymentPostprocessing = 0;
		};
/* End PBXResourcesBuildPhase section */

/* Begin PBXSourcesBuildPhase section */
		840CD0252232BE3C001F2A3D /* Sources */ = {
			isa = PBXSourcesBuildPhase;
			buildActionMask = 2147483647;
			files = (
				840CD02F2232BE3C001F2A3D /* ViewController.swift in Sources */,
				840CD02D2232BE3C001F2A3D /* AppDelegate.swift in Sources */,
			);
			runOnlyForDeploymentPostprocessing = 0;
		};
		840CD0392232BE3E001F2A3D /* Sources */ = {
			isa = PBXSourcesBuildPhase;
			buildActionMask = 2147483647;
			files = (
				840CD0422232BE3E001F2A3D /* XYZ_APPTests.swift in Sources */,
			);
			runOnlyForDeploymentPostprocessing = 0;
		};
/* End PBXSourcesBuildPhase section */

/* Begin PBXTargetDependency section */
		840CD03F2232BE3E001F2A3D /* PBXTargetDependency */ = {
			isa = PBXTargetDependency;
			target = 840CD0282232BE3C001F2A3D /* XYZ_APP */;
			targetProxy = 840CD03E2232BE3E001F2A3D /* PBXContainerItemProxy */;
		};
/* End PBXTargetDependency section */

/* Begin PBXVariantGroup section */
		840CD0302232BE3C001F2A3D /* Main.storyboard */ = {
			isa = PBXVariantGroup;
			children = (
				840CD0312232BE3C001F2A3D /* Base */,
			);
			name = Main.storyboard;
			sourceTree = "<group>";
		};
		840CD0352232BE3D001F2A3D /* LaunchScreen.storyboard */ = {
			isa = PBXVariantGroup;
			children = (
				840CD0362232BE3D001F2A3D /* Base */,
			);
			name = LaunchScreen.storyboard;
			sourceTree = "<group>";
		};
/* End PBXVariantGroup section */

/* Begin XCBuildConfiguration section */
		840CD0442232BE3E001F2A3D /* Debug */ = {
			isa = XCBuildConfiguration;
			buildSettings = {
				ALWAYS_SEARCH_USER_PATHS = NO;
				CLANG_ANALYZER_NONNULL = YES;
				CLANG_ANALYZER_NUMBER_OBJECT_CONVERSION = YES_AGGRESSIVE;
				CLANG_CXX_LANGUAGE_STANDARD = "gnu++14";
				CLANG_CXX_LIBRARY = "libc++";
				CLANG_ENABLE_MODULES = YES;
				CLANG_ENABLE_OBJC_ARC = YES;
				CLANG_ENABLE_OBJC_WEAK = YES;
				CLANG_WARN_BLOCK_CAPTURE_AUTORELEASING = YES;
				CLANG_WARN_BOOL_CONVERSION = YES;
				CLANG_WARN_COMMA = YES;
				CLANG_WARN_CONSTANT_CONVERSION = YES;
				CLANG_WARN_DEPRECATED_OBJC_IMPLEMENTATIONS = YES;
				CLANG_WARN_DIRECT_OBJC_ISA_USAGE = YES_ERROR;
				CLANG_WARN_DOCUMENTATION_COMMENTS = YES;
				CLANG_WARN_EMPTY_BODY = YES;
				CLANG_WARN_ENUM_CONVERSION = YES;
				CLANG_WARN_INFINITE_RECURSION = YES;
				CLANG_WARN_INT_CONVERSION = YES;
				CLANG_WARN_NON_LITERAL_NULL_CONVERSION = YES;
				CLANG_WARN_OBJC_IMPLICIT_RETAIN_SELF = YES;
				CLANG_WARN_OBJC_LITERAL_CONVERSION = YES;
				CLANG_WARN_OBJC_ROOT_CLASS = YES_ERROR;
				CLANG_WARN_RANGE_LOOP_ANALYSIS = YES;
				CLANG_WARN_STRICT_PROTOTYPES = YES;
				CLANG_WARN_SUSPICIOUS_MOVE = YES;
				CLANG_WARN_UNGUARDED_AVAILABILITY = YES_AGGRESSIVE;
				CLANG_WARN_UNREACHABLE_CODE = YES;
				CLANG_WARN__DUPLICATE_METHOD_MATCH = YES;
				CODE_SIGN_IDENTITY = "iPhone Developer";
				COPY_PHASE_STRIP = NO;
				DEBUG_INFORMATION_FORMAT = dwarf;
				ENABLE_STRICT_OBJC_MSGSEND = YES;
				ENABLE_TESTABILITY = YES;
				GCC_C_LANGUAGE_STANDARD = gnu11;
				GCC_DYNAMIC_NO_PIC = NO;
				GCC_NO_COMMON_BLOCKS = YES;
				GCC_OPTIMIZATION_LEVEL = 0;
				GCC_PREPROCESSOR_DEFINITIONS = (
					"DEBUG=1",
					"$(inherited)",
				);
				GCC_WARN_64_TO_32_BIT_CONVERSION = YES;
				GCC_WARN_ABOUT_RETURN_TYPE = YES_ERROR;
				GCC_WARN_UNDECLARED_SELECTOR = YES;
				GCC_WARN_UNINITIALIZED_AUTOS = YES_AGGRESSIVE;
				GCC_WARN_UNUSED_FUNCTION = YES;
				GCC_WARN_UNUSED_VARIABLE = YES;
				IPHONEOS_DEPLOYMENT_TARGET = 12.1;
				MTL_ENABLE_DEBUG_INFO = INCLUDE_SOURCE;
				MTL_FAST_MATH = YES;
				ONLY_ACTIVE_ARCH = YES;
				SDKROOT = iphoneos;
				SWIFT_ACTIVE_COMPILATION_CONDITIONS = DEBUG;
				SWIFT_OPTIMIZATION_LEVEL = "-Onone";
			};
			name = Debug;
		};
		840CD0452232BE3E001F2A3D /* Release */ = {
			isa = XCBuildConfiguration;
			buildSettings = {
				ALWAYS_SEARCH_USER_PATHS = NO;
				CLANG_ANALYZER_NONNULL = YES;
				CLANG_ANALYZER_NUMBER_OBJECT_CONVERSION = YES_AGGRESSIVE;
				CLANG_CXX_LANGUAGE_STANDARD = "gnu++14";
				CLANG_CXX_LIBRARY = "libc++";
				CLANG_ENABLE_MODULES = YES;
				CLANG_ENABLE_OBJC_ARC = YES;
				CLANG_ENABLE_OBJC_WEAK = YES;
				CLANG_WARN_BLOCK_CAPTURE_AUTORELEASING = YES;
				CLANG_WARN_BOOL_CONVERSION = YES;
				CLANG_WARN_COMMA = YES;
				CLANG_WARN_CONSTANT_CONVERSION = YES;
				CLANG_WARN_DEPRECATED_OBJC_IMPLEMENTATIONS = YES;
				CLANG_WARN_DIRECT_OBJC_ISA_USAGE = YES_ERROR;
				CLANG_WARN_DOCUMENTATION_COMMENTS = YES;
				CLANG_WARN_EMPTY_BODY = YES;
				CLANG_WARN_ENUM_CONVERSION = YES;
				CLANG_WARN_INFINITE_RECURSION = YES;
				CLANG_WARN_INT_CONVERSION = YES;
				CLANG_WARN_NON_LITERAL_NULL_CONVERSION = YES;
				CLANG_WARN_OBJC_IMPLICIT_RETAIN_SELF = YES;
				CLANG_WARN_OBJC_LITERAL_CONVERSION = YES;
				CLANG_WARN_OBJC_ROOT_CLASS = YES_ERROR;
				CLANG_WARN_RANGE_LOOP_ANALYSIS = YES;
				CLANG_WARN_STRICT_PROTOTYPES = YES;
				CLANG_WARN_SUSPICIOUS_MOVE = YES;
				CLANG_WARN_UNGUARDED_AVAILABILITY = YES_AGGRESSIVE;
				CLANG_WARN_UNREACHABLE_CODE = YES;
				CLANG_WARN__DUPLICATE_METHOD_MATCH = YES;
				CODE_SIGN_IDENTITY = "iPhone Developer";
				COPY_PHASE_STRIP = NO;
				DEBUG_INFORMATION_FORMAT = "dwarf-with-dsym";
				ENABLE_NS_ASSERTIONS = NO;
				ENABLE_STRICT_OBJC_MSGSEND = YES;
				GCC_C_LANGUAGE_STANDARD = gnu11;
				GCC_NO_COMMON_BLOCKS = YES;
				GCC_WARN_64_TO_32_BIT_CONVERSION = YES;
				GCC_WARN_ABOUT_RETURN_TYPE = YES_ERROR;
				GCC_WARN_UNDECLARED_SELECTOR = YES;
				GCC_WARN_UNINITIALIZED_AUTOS = YES_AGGRESSIVE;
				GCC_WARN_UNUSED_FUNCTION = YES;
				GCC_WARN_UNUSED_VARIABLE = YES;
				IPHONEOS_DEPLOYMENT_TARGET = 12.1;
				MTL_ENABLE_DEBUG_INFO = NO;
				MTL_FAST_MATH = YES;
				SDKROOT = iphoneos;
				SWIFT_COMPILATION_MODE = wholemodule;
				SWIFT_OPTIMIZATION_LEVEL = "-O";
				VALIDATE_PRODUCT = YES;
			};
			name = Release;
		};
		840CD0472232BE3E001F2A3D /* Debug */ = {
			isa = XCBuildConfiguration;
			buildSettings = {
				ASSETCATALOG_COMPILER_APPICON_NAME = AppIcon;
				CODE_SIGN_STYLE = Automatic;
				DEVELOPMENT_TEAM = T3NK7U77Q3;
				INFOPLIST_FILE = XYZ_APP/Info.plist;
				LD_RUNPATH_SEARCH_PATHS = (
					"$(inherited)",
					"@executable_path/Frameworks",
				);
				PRODUCT_BUNDLE_IDENTIFIER = "com.nanosoft.XYZ-APP";
				PRODUCT_NAME = "$(TARGET_NAME)";
				SWIFT_VERSION = 4.2;
				TARGETED_DEVICE_FAMILY = "1,2";
			};
			name = Debug;
		};
		840CD0482232BE3E001F2A3D /* Release */ = {
			isa = XCBuildConfiguration;
			buildSettings = {
				ASSETCATALOG_COMPILER_APPICON_NAME = AppIcon;
				CODE_SIGN_STYLE = Automatic;
				DEVELOPMENT_TEAM = T3NK7U77Q3;
				INFOPLIST_FILE = XYZ_APP/Info.plist;
				LD_RUNPATH_SEARCH_PATHS = (
					"$(inherited)",
					"@executable_path/Frameworks",
				);
				PRODUCT_BUNDLE_IDENTIFIER = "com.nanosoft.XYZ-APP";
				PRODUCT_NAME = "$(TARGET_NAME)";
				SWIFT_VERSION = 4.2;
				TARGETED_DEVICE_FAMILY = "1,2";
			};
			name = Release;
		};
		840CD04A2232BE3E001F2A3D /* Debug */ = {
			isa = XCBuildConfiguration;
			buildSettings = {
				ALWAYS_EMBED_SWIFT_STANDARD_LIBRARIES = YES;
				BUNDLE_LOADER = "$(TEST_HOST)";
				CODE_SIGN_STYLE = Automatic;
				DEVELOPMENT_TEAM = T3NK7U77Q3;
				INFOPLIST_FILE = XYZ_APPTests/Info.plist;
				LD_RUNPATH_SEARCH_PATHS = (
					"$(inherited)",
					"@executable_path/Frameworks",
					"@loader_path/Frameworks",
				);
				PRODUCT_BUNDLE_IDENTIFIER = "com.nanosoft.XYZ-APPTests";
				PRODUCT_NAME = "$(TARGET_NAME)";
				SWIFT_VERSION = 4.2;
				TARGETED_DEVICE_FAMILY = "1,2";
				TEST_HOST = "$(BUILT_PRODUCTS_DIR)/XYZ_APP.app/XYZ_APP";
			};
			name = Debug;
		};
		840CD04B2232BE3E001F2A3D /* Release */ = {
			isa = XCBuildConfiguration;
			buildSettings = {
				ALWAYS_EMBED_SWIFT_STANDARD_LIBRARIES = YES;
				BUNDLE_LOADER = "$(TEST_HOST)";
				CODE_SIGN_STYLE = Automatic;
				DEVELOPMENT_TEAM = T3NK7U77Q3;
				INFOPLIST_FILE = XYZ_APPTests/Info.plist;
				LD_RUNPATH_SEARCH_PATHS = (
					"$(inherited)",
					"@executable_path/Frameworks",
					"@loader_path/Frameworks",
				);
				PRODUCT_BUNDLE_IDENTIFIER = "com.nanosoft.XYZ-APPTests";
				PRODUCT_NAME = "$(TARGET_NAME)";
				SWIFT_VERSION = 4.2;
				TARGETED_DEVICE_FAMILY = "1,2";
				TEST_HOST = "$(BUILT_PRODUCTS_DIR)/XYZ_APP.app/XYZ_APP";
			};
			name = Release;
		};
/* End XCBuildConfiguration section */

/* Begin XCConfigurationList section */
		840CD0242232BE3C001F2A3D /* Build configuration list for PBXProject "XYZ_APP" */ = {
			isa = XCConfigurationList;
			buildConfigurations = (
				840CD0442232BE3E001F2A3D /* Debug */,
				840CD0452232BE3E001F2A3D /* Release */,
			);
			defaultConfigurationIsVisible = 0;
			defaultConfigurationName = Release;
		};
		840CD0462232BE3E001F2A3D /* Build configuration list for PBXNativeTarget "XYZ_APP" */ = {
			isa = XCConfigurationList;
			buildConfigurations = (
				840CD0472232BE3E001F2A3D /* Debug */,
				840CD0482232BE3E001F2A3D /* Release */,
			);
			defaultConfigurationIsVisible = 0;
			defaultConfigurationName = Release;
		};
		840CD0492232BE3E001F2A3D /* Build configuration list for PBXNativeTarget "XYZ_APPTests" */ = {
			isa = XCConfigurationList;
			buildConfigurations = (
				840CD04A2232BE3E001F2A3D /* Debug */,
				840CD04B2232BE3E001F2A3D /* Release */,
			);
			defaultConfigurationIsVisible = 0;
			defaultConfigurationName = Release;
		};
/* End XCConfigurationList section */
	};
	rootObject = 840CD0212232BE3C001F2A3D /* Project object */;
}
